
Microsoft Visual Studio Solution File, Format Version 12.00
# Visual Studio Version 17
VisualStudioVersion = 17.14.36623.8 d17.14
MinimumVisualStudioVersion = 10.0.40219.1
Project("{FAE04EC0-301F-11D3-BF4B-00C04F79EFBC}") = "QuickSort", "QuickSort\QuickSort.csproj", "{496EA6A9-434A-40E1-8DDC-07A9B0B90279}"
EndProject
Project("{FAE04EC0-301F-11D3-BF4B-00C04F79EFBC}") = "TheQuickSortTesting", "QuickSortTest\TheQuickSortTesting.csproj", "{13B4022C-81EB-479E-89BD-1D4D5A8F07CC}"
EndProject
Global
	GlobalSection(SolutionConfigurationPlatforms) = preSolution
		Debug|Any CPU = Debug|Any CPU
		Release|Any CPU = Release|Any CPU
	EndGlobalSection
	GlobalSection(ProjectConfigurationPlatforms) = postSolution
		{496EA6A9-434A-40E1-8DDC-07A9B0B90279}.Debug|Any CPU.ActiveCfg = Debug|Any CPU
		{496EA6A9-434A-40E1-8DDC-07A9B0B90279}.Debug|Any CPU.Build.0 = Debug|Any CPU
		{496EA6A9-434A-40E1-8DDC-07A9B0B90279}.Release|Any CPU.ActiveCfg = Release|Any CPU
		{496EA6A9-434A-40E1-8DDC-07A9B0B90279}.Release|Any CPU.Build.0 = Release|Any CPU
		{13B4022C-81EB-479E-89BD-1D4D5A8F07CC}.Debug|Any CPU.ActiveCfg = Debug|Any CPU
		{13B4022C-81EB-479E-89BD-1D4D5A8F07CC}.Debug|Any CPU.Build.0 = Debug|Any CPU
		{13B4022C-81EB-479E-89BD-1D4D5A8F07CC}.Release|Any CPU.ActiveCfg = Release|Any CPU
		{13B4022C-81EB-479E-89BD-1D4D5A8F07CC}.Release|Any CPU.Build.0 = Release|Any CPU
	EndGlobalSection
	GlobalSection(SolutionProperties) = preSolution
		HideSolutionNode = FALSE
	EndGlobalSection
	GlobalSection(ExtensibilityGlobals) = postSolution
		SolutionGuid = {B80D4DDF-F890-44BE-8599-1B72659B51DA}
	EndGlobalSection
EndGlobal
