
Microsoft Visual Studio Solution File, Format Version 12.00
# Visual Studio Version 17
VisualStudioVersion = 17.14.36414.22 d17.14
MinimumVisualStudioVersion = 10.0.40219.1
Project("{FAE04EC0-301F-11D3-BF4B-00C04F79EFBC}") = "Stacks and Queues", "Stacks and Queues\Stacks and Queues.csproj", "{2E6B250F-EAF4-4AB6-AE46-C8F3437DF8B0}"
EndProject
Project("{FAE04EC0-301F-11D3-BF4B-00C04F79EFBC}") = "Test1", "Test1\Test1.csproj", "{DD42B658-0FD9-4916-B726-0C9FF645DD88}"
EndProject
Global
	GlobalSection(SolutionConfigurationPlatforms) = preSolution
		Debug|Any CPU = Debug|Any CPU
		Release|Any CPU = Release|Any CPU
	EndGlobalSection
	GlobalSection(ProjectConfigurationPlatforms) = postSolution
		{2E6B250F-EAF4-4AB6-AE46-C8F3437DF8B0}.Debug|Any CPU.ActiveCfg = Debug|Any CPU
		{2E6B250F-EAF4-4AB6-AE46-C8F3437DF8B0}.Debug|Any CPU.Build.0 = Debug|Any CPU
		{2E6B250F-EAF4-4AB6-AE46-C8F3437DF8B0}.Release|Any CPU.ActiveCfg = Release|Any CPU
		{2E6B250F-EAF4-4AB6-AE46-C8F3437DF8B0}.Release|Any CPU.Build.0 = Release|Any CPU
		{DD42B658-0FD9-4916-B726-0C9FF645DD88}.Debug|Any CPU.ActiveCfg = Debug|Any CPU
		{DD42B658-0FD9-4916-B726-0C9FF645DD88}.Debug|Any CPU.Build.0 = Debug|Any CPU
		{DD42B658-0FD9-4916-B726-0C9FF645DD88}.Release|Any CPU.ActiveCfg = Release|Any CPU
		{DD42B658-0FD9-4916-B726-0C9FF645DD88}.Release|Any CPU.Build.0 = Release|Any CPU
	EndGlobalSection
	GlobalSection(SolutionProperties) = preSolution
		HideSolutionNode = FALSE
	EndGlobalSection
	GlobalSection(ExtensibilityGlobals) = postSolution
		SolutionGuid = {73F3F738-D53A-496B-8A0C-3B15CAA1F8B7}
	EndGlobalSection
EndGlobal
