
Microsoft Visual Studio Solution File, Format Version 12.00
# Visual Studio Version 17
VisualStudioVersion = 17.14.36603.0 d17.14
MinimumVisualStudioVersion = 10.0.40219.1
Project("{FAE04EC0-301F-11D3-BF4B-00C04F79EFBC}") = "OneTimePad", "OneTimePad\OneTimePad.csproj", "{C8DDE5F4-3963-48DB-96A2-EEB57AAAC4DE}"
EndProject
Global
	GlobalSection(SolutionConfigurationPlatforms) = preSolution
		Debug|Any CPU = Debug|Any CPU
		Release|Any CPU = Release|Any CPU
	EndGlobalSection
	GlobalSection(ProjectConfigurationPlatforms) = postSolution
		{C8DDE5F4-3963-48DB-96A2-EEB57AAAC4DE}.Debug|Any CPU.ActiveCfg = Debug|Any CPU
		{C8DDE5F4-3963-48DB-96A2-EEB57AAAC4DE}.Debug|Any CPU.Build.0 = Debug|Any CPU
		{C8DDE5F4-3963-48DB-96A2-EEB57AAAC4DE}.Release|Any CPU.ActiveCfg = Release|Any CPU
		{C8DDE5F4-3963-48DB-96A2-EEB57AAAC4DE}.Release|Any CPU.Build.0 = Release|Any CPU
	EndGlobalSection
	GlobalSection(SolutionProperties) = preSolution
		HideSolutionNode = FALSE
	EndGlobalSection
	GlobalSection(ExtensibilityGlobals) = postSolution
		SolutionGuid = {10DF71BD-E61E-482A-8939-9FC1DE395720}
	EndGlobalSection
EndGlobal
