
Microsoft Visual Studio Solution File, Format Version 12.00
# Visual Studio Version 17
VisualStudioVersion = 17.14.36717.8
MinimumVisualStudioVersion = 10.0.40219.1
Project("{FAE04EC0-301F-11D3-BF4B-00C04F79EFBC}") = "HeapTree", "HeapTree.csproj", "{183A0348-C9E4-4EA4-9E31-D211518565F6}"
EndProject
Project("{FAE04EC0-301F-11D3-BF4B-00C04F79EFBC}") = "HeapTreeTest", "..\HeapTreeTest\HeapTreeTest.csproj", "{8B502D07-6698-4CB3-AF20-DEEFF7674397}"
EndProject
Global
	GlobalSection(SolutionConfigurationPlatforms) = preSolution
		Debug|Any CPU = Debug|Any CPU
		Release|Any CPU = Release|Any CPU
	EndGlobalSection
	GlobalSection(ProjectConfigurationPlatforms) = postSolution
		{183A0348-C9E4-4EA4-9E31-D211518565F6}.Debug|Any CPU.ActiveCfg = Debug|Any CPU
		{183A0348-C9E4-4EA4-9E31-D211518565F6}.Debug|Any CPU.Build.0 = Debug|Any CPU
		{183A0348-C9E4-4EA4-9E31-D211518565F6}.Release|Any CPU.ActiveCfg = Release|Any CPU
		{183A0348-C9E4-4EA4-9E31-D211518565F6}.Release|Any CPU.Build.0 = Release|Any CPU
		{8B502D07-6698-4CB3-AF20-DEEFF7674397}.Debug|Any CPU.ActiveCfg = Debug|Any CPU
		{8B502D07-6698-4CB3-AF20-DEEFF7674397}.Debug|Any CPU.Build.0 = Debug|Any CPU
		{8B502D07-6698-4CB3-AF20-DEEFF7674397}.Release|Any CPU.ActiveCfg = Release|Any CPU
		{8B502D07-6698-4CB3-AF20-DEEFF7674397}.Release|Any CPU.Build.0 = Release|Any CPU
	EndGlobalSection
	GlobalSection(SolutionProperties) = preSolution
		HideSolutionNode = FALSE
	EndGlobalSection
	GlobalSection(ExtensibilityGlobals) = postSolution
		SolutionGuid = {9AA9D0E0-3557-4EC6-BFC1-5D807DE7315E}
	EndGlobalSection
EndGlobal
