
Microsoft Visual Studio Solution File, Format Version 12.00
# Visual Studio Version 17
VisualStudioVersion = 17.14.36414.22
MinimumVisualStudioVersion = 10.0.40219.1
Project("{FAE04EC0-301F-11D3-BF4B-00C04F79EFBC}") = "Doubly Linked List", "Doubly Linked List\Doubly Linked List.csproj", "{1A7754BD-6FD8-47C5-AD20-C5E2B1C9DC22}"
EndProject
Project("{FAE04EC0-301F-11D3-BF4B-00C04F79EFBC}") = "DLLTest", "DLLTest\DLLTest.csproj", "{DC75AC36-1602-4709-85CD-8D1167E1B229}"
	ProjectSection(ProjectDependencies) = postProject
		{1A7754BD-6FD8-47C5-AD20-C5E2B1C9DC22} = {1A7754BD-6FD8-47C5-AD20-C5E2B1C9DC22}
	EndProjectSection
EndProject
Global
	GlobalSection(SolutionConfigurationPlatforms) = preSolution
		Debug|Any CPU = Debug|Any CPU
		Release|Any CPU = Release|Any CPU
	EndGlobalSection
	GlobalSection(ProjectConfigurationPlatforms) = postSolution
		{1A7754BD-6FD8-47C5-AD20-C5E2B1C9DC22}.Debug|Any CPU.ActiveCfg = Debug|Any CPU
		{1A7754BD-6FD8-47C5-AD20-C5E2B1C9DC22}.Debug|Any CPU.Build.0 = Debug|Any CPU
		{1A7754BD-6FD8-47C5-AD20-C5E2B1C9DC22}.Release|Any CPU.ActiveCfg = Release|Any CPU
		{1A7754BD-6FD8-47C5-AD20-C5E2B1C9DC22}.Release|Any CPU.Build.0 = Release|Any CPU
		{DC75AC36-1602-4709-85CD-8D1167E1B229}.Debug|Any CPU.ActiveCfg = Debug|Any CPU
		{DC75AC36-1602-4709-85CD-8D1167E1B229}.Debug|Any CPU.Build.0 = Debug|Any CPU
		{DC75AC36-1602-4709-85CD-8D1167E1B229}.Release|Any CPU.ActiveCfg = Release|Any CPU
		{DC75AC36-1602-4709-85CD-8D1167E1B229}.Release|Any CPU.Build.0 = Release|Any CPU
	EndGlobalSection
	GlobalSection(SolutionProperties) = preSolution
		HideSolutionNode = FALSE
	EndGlobalSection
	GlobalSection(ExtensibilityGlobals) = postSolution
		SolutionGuid = {7BC23BC9-FC13-4BAC-AF87-A862E73F58A3}
	EndGlobalSection
EndGlobal
