
Microsoft Visual Studio Solution File, Format Version 12.00
# Visual Studio Version 17
VisualStudioVersion = 17.14.36603.0 d17.14
MinimumVisualStudioVersion = 10.0.40219.1
Project("{FAE04EC0-301F-11D3-BF4B-00C04F79EFBC}") = "Steganography", "Steganography\Steganography.csproj", "{797459FF-5AF5-4537-B6D4-C1CD792BA1F2}"
EndProject
Global
	GlobalSection(SolutionConfigurationPlatforms) = preSolution
		Debug|Any CPU = Debug|Any CPU
		Release|Any CPU = Release|Any CPU
	EndGlobalSection
	GlobalSection(ProjectConfigurationPlatforms) = postSolution
		{797459FF-5AF5-4537-B6D4-C1CD792BA1F2}.Debug|Any CPU.ActiveCfg = Debug|Any CPU
		{797459FF-5AF5-4537-B6D4-C1CD792BA1F2}.Debug|Any CPU.Build.0 = Debug|Any CPU
		{797459FF-5AF5-4537-B6D4-C1CD792BA1F2}.Release|Any CPU.ActiveCfg = Release|Any CPU
		{797459FF-5AF5-4537-B6D4-C1CD792BA1F2}.Release|Any CPU.Build.0 = Release|Any CPU
	EndGlobalSection
	GlobalSection(SolutionProperties) = preSolution
		HideSolutionNode = FALSE
	EndGlobalSection
	GlobalSection(ExtensibilityGlobals) = postSolution
		SolutionGuid = {4DA7DD2B-621B-4500-B96E-E5F9CFBAD4FC}
	EndGlobalSection
EndGlobal
