
Microsoft Visual Studio Solution File, Format Version 12.00
# Visual Studio Version 17
VisualStudioVersion = 17.14.36603.0 d17.14
MinimumVisualStudioVersion = 10.0.40219.1
Project("{FAE04EC0-301F-11D3-BF4B-00C04F79EFBC}") = "OneTimePadVisual", "OneTimePadVisual\OneTimePadVisual.csproj", "{80569C25-FE8F-4116-8297-B6F568BF0E53}"
EndProject
Global
	GlobalSection(SolutionConfigurationPlatforms) = preSolution
		Debug|Any CPU = Debug|Any CPU
		Release|Any CPU = Release|Any CPU
	EndGlobalSection
	GlobalSection(ProjectConfigurationPlatforms) = postSolution
		{80569C25-FE8F-4116-8297-B6F568BF0E53}.Debug|Any CPU.ActiveCfg = Debug|Any CPU
		{80569C25-FE8F-4116-8297-B6F568BF0E53}.Debug|Any CPU.Build.0 = Debug|Any CPU
		{80569C25-FE8F-4116-8297-B6F568BF0E53}.Release|Any CPU.ActiveCfg = Release|Any CPU
		{80569C25-FE8F-4116-8297-B6F568BF0E53}.Release|Any CPU.Build.0 = Release|Any CPU
	EndGlobalSection
	GlobalSection(SolutionProperties) = preSolution
		HideSolutionNode = FALSE
	EndGlobalSection
	GlobalSection(ExtensibilityGlobals) = postSolution
		SolutionGuid = {D79E61AE-223E-437A-AE80-D6D35294BFBD}
	EndGlobalSection
EndGlobal
