
Microsoft Visual Studio Solution File, Format Version 12.00
# Visual Studio Version 17
VisualStudioVersion = 17.14.36414.22
MinimumVisualStudioVersion = 10.0.40219.1
Project("{FAE04EC0-301F-11D3-BF4B-00C04F79EFBC}") = "BST", "BST.csproj", "{1412DB0B-57F9-4434-9474-3AD46BE387D9}"
EndProject
Project("{FAE04EC0-301F-11D3-BF4B-00C04F79EFBC}") = "BSTTestProject", "..\BSTTestProject\BSTTestProject.csproj", "{91426AF9-2426-4BE3-B132-F262071DF636}"
EndProject
Global
	GlobalSection(SolutionConfigurationPlatforms) = preSolution
		Debug|Any CPU = Debug|Any CPU
		Release|Any CPU = Release|Any CPU
	EndGlobalSection
	GlobalSection(ProjectConfigurationPlatforms) = postSolution
		{1412DB0B-57F9-4434-9474-3AD46BE387D9}.Debug|Any CPU.ActiveCfg = Debug|Any CPU
		{1412DB0B-57F9-4434-9474-3AD46BE387D9}.Debug|Any CPU.Build.0 = Debug|Any CPU
		{1412DB0B-57F9-4434-9474-3AD46BE387D9}.Release|Any CPU.ActiveCfg = Release|Any CPU
		{1412DB0B-57F9-4434-9474-3AD46BE387D9}.Release|Any CPU.Build.0 = Release|Any CPU
		{91426AF9-2426-4BE3-B132-F262071DF636}.Debug|Any CPU.ActiveCfg = Debug|Any CPU
		{91426AF9-2426-4BE3-B132-F262071DF636}.Debug|Any CPU.Build.0 = Debug|Any CPU
		{91426AF9-2426-4BE3-B132-F262071DF636}.Release|Any CPU.ActiveCfg = Release|Any CPU
		{91426AF9-2426-4BE3-B132-F262071DF636}.Release|Any CPU.Build.0 = Release|Any CPU
	EndGlobalSection
	GlobalSection(SolutionProperties) = preSolution
		HideSolutionNode = FALSE
	EndGlobalSection
	GlobalSection(ExtensibilityGlobals) = postSolution
		SolutionGuid = {A4FC821C-D497-4D70-B843-F24B4637B30C}
	EndGlobalSection
EndGlobal
