
Microsoft Visual Studio Solution File, Format Version 12.00
# Visual Studio Version 17
VisualStudioVersion = 17.14.36623.8
MinimumVisualStudioVersion = 10.0.40219.1
Project("{FAE04EC0-301F-11D3-BF4B-00C04F79EFBC}") = "MergeSort", "MergeSort\MergeSort.csproj", "{2418B278-9808-4D0C-8C81-09FE1E907C53}"
EndProject
Project("{FAE04EC0-301F-11D3-BF4B-00C04F79EFBC}") = "TheMergeSortTesting", "TheMergeSortTesting\TheMergeSortTesting.csproj", "{33D005C1-68CD-4263-AF3D-076490C61152}"
EndProject
Global
	GlobalSection(SolutionConfigurationPlatforms) = preSolution
		Debug|Any CPU = Debug|Any CPU
		Release|Any CPU = Release|Any CPU
	EndGlobalSection
	GlobalSection(ProjectConfigurationPlatforms) = postSolution
		{2418B278-9808-4D0C-8C81-09FE1E907C53}.Debug|Any CPU.ActiveCfg = Debug|Any CPU
		{2418B278-9808-4D0C-8C81-09FE1E907C53}.Debug|Any CPU.Build.0 = Debug|Any CPU
		{2418B278-9808-4D0C-8C81-09FE1E907C53}.Release|Any CPU.ActiveCfg = Release|Any CPU
		{2418B278-9808-4D0C-8C81-09FE1E907C53}.Release|Any CPU.Build.0 = Release|Any CPU
		{33D005C1-68CD-4263-AF3D-076490C61152}.Debug|Any CPU.ActiveCfg = Debug|Any CPU
		{33D005C1-68CD-4263-AF3D-076490C61152}.Debug|Any CPU.Build.0 = Debug|Any CPU
		{33D005C1-68CD-4263-AF3D-076490C61152}.Release|Any CPU.ActiveCfg = Release|Any CPU
		{33D005C1-68CD-4263-AF3D-076490C61152}.Release|Any CPU.Build.0 = Release|Any CPU
	EndGlobalSection
	GlobalSection(SolutionProperties) = preSolution
		HideSolutionNode = FALSE
	EndGlobalSection
	GlobalSection(ExtensibilityGlobals) = postSolution
		SolutionGuid = {649D854E-F3C3-461F-9BD0-72A8D74F70BC}
	EndGlobalSection
EndGlobal
